
Microsoft Visual Studio Solution File, Format Version 12.00
# Visual Studio 14
VisualStudioVersion = 14.0.23107.0
MinimumVisualStudioVersion = 10.0.40219.1
Project("{FAE04EC0-301F-11D3-BF4B-00C04F79EFBC}") = "CountCandies", "CountCandies\CountCandies.csproj", "{C1D48F74-2E62-4BC6-9BFE-37E1B560E6E2}"
EndProject
Global
	GlobalSection(SolutionConfigurationPlatforms) = preSolution
		Debug|Any CPU = Debug|Any CPU
		Release|Any CPU = Release|Any CPU
	EndGlobalSection
	GlobalSection(ProjectConfigurationPlatforms) = postSolution
		{C1D48F74-2E62-4BC6-9BFE-37E1B560E6E2}.Debug|Any CPU.ActiveCfg = Debug|Any CPU
		{C1D48F74-2E62-4BC6-9BFE-37E1B560E6E2}.Debug|Any CPU.Build.0 = Debug|Any CPU
		{C1D48F74-2E62-4BC6-9BFE-37E1B560E6E2}.Release|Any CPU.ActiveCfg = Release|Any CPU
		{C1D48F74-2E62-4BC6-9BFE-37E1B560E6E2}.Release|Any CPU.Build.0 = Release|Any CPU
	EndGlobalSection
	GlobalSection(SolutionProperties) = preSolution
		HideSolutionNode = FALSE
	EndGlobalSection
EndGlobal
